
Microsoft Visual Studio Solution File, Format Version 10.00
# Visual Studio 2008
Project("{8BC9CEB8-8B4A-11D0-8D11-00A0C91BC942}") = "scenario1", "scenario1\scenario1.vcproj", "{32C2100D-1F44-40C8-B5A4-8523CF87A64E}"
EndProject
Global
	GlobalSection(SolutionConfigurationPlatforms) = preSolution
		Debug|Win32 = Debug|Win32
		Release|Win32 = Release|Win32
	EndGlobalSection
	GlobalSection(ProjectConfigurationPlatforms) = postSolution
		{32C2100D-1F44-40C8-B5A4-8523CF87A64E}.Debug|Win32.ActiveCfg = Debug|Win32
		{32C2100D-1F44-40C8-B5A4-8523CF87A64E}.Debug|Win32.Build.0 = Debug|Win32
		{32C2100D-1F44-40C8-B5A4-8523CF87A64E}.Release|Win32.ActiveCfg = Release|Win32
		{32C2100D-1F44-40C8-B5A4-8523CF87A64E}.Release|Win32.Build.0 = Release|Win32
	EndGlobalSection
	GlobalSection(SolutionProperties) = preSolution
		HideSolutionNode = FALSE
	EndGlobalSection
EndGlobal
